
Microsoft Visual Studio Solution File, Format Version 12.00
# Visual Studio Version 16
VisualStudioVersion = 16.0.31410.357
MinimumVisualStudioVersion = 10.0.40219.1
Project("{FAE04EC0-301F-11D3-BF4B-00C04F79EFBC}") = "isp2281337 v.11 01.01", "isp2281337 v.11 01.01\isp2281337 v.11 01.01.csproj", "{9FF21DC6-1053-4258-91C5-E55F1EE50DEA}"
EndProject
Global
	GlobalSection(SolutionConfigurationPlatforms) = preSolution
		Debug|Any CPU = Debug|Any CPU
		Release|Any CPU = Release|Any CPU
	EndGlobalSection
	GlobalSection(ProjectConfigurationPlatforms) = postSolution
		{9FF21DC6-1053-4258-91C5-E55F1EE50DEA}.Debug|Any CPU.ActiveCfg = Debug|Any CPU
		{9FF21DC6-1053-4258-91C5-E55F1EE50DEA}.Debug|Any CPU.Build.0 = Debug|Any CPU
		{9FF21DC6-1053-4258-91C5-E55F1EE50DEA}.Release|Any CPU.ActiveCfg = Release|Any CPU
		{9FF21DC6-1053-4258-91C5-E55F1EE50DEA}.Release|Any CPU.Build.0 = Release|Any CPU
	EndGlobalSection
	GlobalSection(SolutionProperties) = preSolution
		HideSolutionNode = FALSE
	EndGlobalSection
	GlobalSection(ExtensibilityGlobals) = postSolution
		SolutionGuid = {1A16BD90-EE3F-4461-9435-41AC1DB659DD}
	EndGlobalSection
EndGlobal
