
Microsoft Visual Studio Solution File, Format Version 12.00
# Visual Studio Version 16
VisualStudioVersion = 16.0.31410.357
MinimumVisualStudioVersion = 10.0.40219.1
Project("{9A19103F-16F7-4668-BE54-9A1E7A4F7556}") = "isp2281337 v.2 01.01", "isp2281337 v.2 01.01\isp2281337 v.2 01.01.csproj", "{BB4A7934-F986-4D2B-91F6-24191FA21EAA}"
EndProject
Project("{9A19103F-16F7-4668-BE54-9A1E7A4F7556}") = "Lib_5", "Lib_5\Lib_5.csproj", "{D83DB6D5-7D51-4921-86AB-5518FB3E4556}"
EndProject
Global
	GlobalSection(SolutionConfigurationPlatforms) = preSolution
		Debug|Any CPU = Debug|Any CPU
		Release|Any CPU = Release|Any CPU
	EndGlobalSection
	GlobalSection(ProjectConfigurationPlatforms) = postSolution
		{BB4A7934-F986-4D2B-91F6-24191FA21EAA}.Debug|Any CPU.ActiveCfg = Debug|Any CPU
		{BB4A7934-F986-4D2B-91F6-24191FA21EAA}.Debug|Any CPU.Build.0 = Debug|Any CPU
		{BB4A7934-F986-4D2B-91F6-24191FA21EAA}.Release|Any CPU.ActiveCfg = Release|Any CPU
		{BB4A7934-F986-4D2B-91F6-24191FA21EAA}.Release|Any CPU.Build.0 = Release|Any CPU
		{D83DB6D5-7D51-4921-86AB-5518FB3E4556}.Debug|Any CPU.ActiveCfg = Debug|Any CPU
		{D83DB6D5-7D51-4921-86AB-5518FB3E4556}.Debug|Any CPU.Build.0 = Debug|Any CPU
		{D83DB6D5-7D51-4921-86AB-5518FB3E4556}.Release|Any CPU.ActiveCfg = Release|Any CPU
		{D83DB6D5-7D51-4921-86AB-5518FB3E4556}.Release|Any CPU.Build.0 = Release|Any CPU
	EndGlobalSection
	GlobalSection(SolutionProperties) = preSolution
		HideSolutionNode = FALSE
	EndGlobalSection
	GlobalSection(ExtensibilityGlobals) = postSolution
		SolutionGuid = {D01E1CBE-57C8-4687-AFE5-AFF67D31F8AD}
	EndGlobalSection
EndGlobal
