
Microsoft Visual Studio Solution File, Format Version 12.00
# Visual Studio Version 16
VisualStudioVersion = 16.0.31410.357
MinimumVisualStudioVersion = 10.0.40219.1
Project("{FAE04EC0-301F-11D3-BF4B-00C04F79EFBC}") = "isp2281337 v.5 01.01", "isp2281337 v.5 01.01\isp2281337 v.5 01.01.csproj", "{F4A3DA3E-BE49-4DAD-A65E-A8F6FEE82009}"
EndProject
Global
	GlobalSection(SolutionConfigurationPlatforms) = preSolution
		Debug|Any CPU = Debug|Any CPU
		Release|Any CPU = Release|Any CPU
	EndGlobalSection
	GlobalSection(ProjectConfigurationPlatforms) = postSolution
		{F4A3DA3E-BE49-4DAD-A65E-A8F6FEE82009}.Debug|Any CPU.ActiveCfg = Debug|Any CPU
		{F4A3DA3E-BE49-4DAD-A65E-A8F6FEE82009}.Debug|Any CPU.Build.0 = Debug|Any CPU
		{F4A3DA3E-BE49-4DAD-A65E-A8F6FEE82009}.Release|Any CPU.ActiveCfg = Release|Any CPU
		{F4A3DA3E-BE49-4DAD-A65E-A8F6FEE82009}.Release|Any CPU.Build.0 = Release|Any CPU
	EndGlobalSection
	GlobalSection(SolutionProperties) = preSolution
		HideSolutionNode = FALSE
	EndGlobalSection
	GlobalSection(ExtensibilityGlobals) = postSolution
		SolutionGuid = {2D960956-50A0-4612-8F5D-08AF22D1BED7}
	EndGlobalSection
EndGlobal
